
Microsoft Visual Studio Solution File, Format Version 12.00
# Visual Studio Version 16
VisualStudioVersion = 16.0.31410.357
MinimumVisualStudioVersion = 10.0.40219.1
Project("{9A19103F-16F7-4668-BE54-9A1E7A4F7556}") = "IntelligentAPI_ObjectDetector", "ObjectDetector\IntelligentAPI_ObjectDetector.csproj", "{6F985DC2-DB68-49E5-ADD8-6D11F35E552E}"
EndProject
Project("{9A19103F-16F7-4668-BE54-9A1E7A4F7556}") = "IntelligentAPI_ImageClassifier", "ImageClassifier\IntelligentAPI_ImageClassifier.csproj", "{F705B499-D0B5-408C-B1D1-D3F379D0FCD6}"
EndProject
Project("{FAE04EC0-301F-11D3-BF4B-00C04F79EFBC}") = "IntelligentLabsTest", "IntelligentAPIsTester\IntelligentLabsTest.csproj", "{47D87733-B357-4706-88BD-211FB7D8679D}"
EndProject
Project("{9A19103F-16F7-4668-BE54-9A1E7A4F7556}") = "IntelligentAPI_EmotionRecognizer", "EmotionRecognizer\IntelligentAPI_EmotionRecognizer.csproj", "{784A3C01-BD0B-4DB9-B1FF-2A16E2B03A65}"
EndProject
Global
	GlobalSection(SolutionConfigurationPlatforms) = preSolution
		Debug|Any CPU = Debug|Any CPU
		Debug|ARM = Debug|ARM
		Debug|ARM64 = Debug|ARM64
		Debug|x64 = Debug|x64
		Debug|x86 = Debug|x86
		Packages|Any CPU = Packages|Any CPU
		Packages|ARM = Packages|ARM
		Packages|ARM64 = Packages|ARM64
		Packages|x64 = Packages|x64
		Packages|x86 = Packages|x86
		Release|Any CPU = Release|Any CPU
		Release|ARM = Release|ARM
		Release|ARM64 = Release|ARM64
		Release|x64 = Release|x64
		Release|x86 = Release|x86
	EndGlobalSection
	GlobalSection(ProjectConfigurationPlatforms) = postSolution
		{6F985DC2-DB68-49E5-ADD8-6D11F35E552E}.Debug|Any CPU.ActiveCfg = Debug|Any CPU
		{6F985DC2-DB68-49E5-ADD8-6D11F35E552E}.Debug|Any CPU.Build.0 = Debug|Any CPU
		{6F985DC2-DB68-49E5-ADD8-6D11F35E552E}.Debug|ARM.ActiveCfg = Debug|ARM
		{6F985DC2-DB68-49E5-ADD8-6D11F35E552E}.Debug|ARM.Build.0 = Debug|ARM
		{6F985DC2-DB68-49E5-ADD8-6D11F35E552E}.Debug|ARM64.ActiveCfg = Debug|ARM64
		{6F985DC2-DB68-49E5-ADD8-6D11F35E552E}.Debug|ARM64.Build.0 = Debug|ARM64
		{6F985DC2-DB68-49E5-ADD8-6D11F35E552E}.Debug|x64.ActiveCfg = Debug|x64
		{6F985DC2-DB68-49E5-ADD8-6D11F35E552E}.Debug|x64.Build.0 = Debug|x64
		{6F985DC2-DB68-49E5-ADD8-6D11F35E552E}.Debug|x86.ActiveCfg = Debug|x86
		{6F985DC2-DB68-49E5-ADD8-6D11F35E552E}.Debug|x86.Build.0 = Debug|x86
		{6F985DC2-DB68-49E5-ADD8-6D11F35E552E}.Packages|Any CPU.ActiveCfg = Release|Any CPU
		{6F985DC2-DB68-49E5-ADD8-6D11F35E552E}.Packages|Any CPU.Build.0 = Release|Any CPU
		{6F985DC2-DB68-49E5-ADD8-6D11F35E552E}.Packages|ARM.ActiveCfg = Release|ARM
		{6F985DC2-DB68-49E5-ADD8-6D11F35E552E}.Packages|ARM.Build.0 = Release|ARM
		{6F985DC2-DB68-49E5-ADD8-6D11F35E552E}.Packages|ARM64.ActiveCfg = Release|ARM64
		{6F985DC2-DB68-49E5-ADD8-6D11F35E552E}.Packages|ARM64.Build.0 = Release|ARM64
		{6F985DC2-DB68-49E5-ADD8-6D11F35E552E}.Packages|x64.ActiveCfg = Release|x64
		{6F985DC2-DB68-49E5-ADD8-6D11F35E552E}.Packages|x64.Build.0 = Release|x64
		{6F985DC2-DB68-49E5-ADD8-6D11F35E552E}.Packages|x86.ActiveCfg = Release|x86
		{6F985DC2-DB68-49E5-ADD8-6D11F35E552E}.Packages|x86.Build.0 = Release|x86
		{6F985DC2-DB68-49E5-ADD8-6D11F35E552E}.Release|Any CPU.ActiveCfg = Release|Any CPU
		{6F985DC2-DB68-49E5-ADD8-6D11F35E552E}.Release|Any CPU.Build.0 = Release|Any CPU
		{6F985DC2-DB68-49E5-ADD8-6D11F35E552E}.Release|ARM.ActiveCfg = Release|ARM
		{6F985DC2-DB68-49E5-ADD8-6D11F35E552E}.Release|ARM.Build.0 = Release|ARM
		{6F985DC2-DB68-49E5-ADD8-6D11F35E552E}.Release|ARM64.ActiveCfg = Release|ARM64
		{6F985DC2-DB68-49E5-ADD8-6D11F35E552E}.Release|ARM64.Build.0 = Release|ARM64
		{6F985DC2-DB68-49E5-ADD8-6D11F35E552E}.Release|x64.ActiveCfg = Release|x64
		{6F985DC2-DB68-49E5-ADD8-6D11F35E552E}.Release|x64.Build.0 = Release|x64
		{6F985DC2-DB68-49E5-ADD8-6D11F35E552E}.Release|x86.ActiveCfg = Release|x86
		{6F985DC2-DB68-49E5-ADD8-6D11F35E552E}.Release|x86.Build.0 = Release|x86
		{F705B499-D0B5-408C-B1D1-D3F379D0FCD6}.Debug|Any CPU.ActiveCfg = Debug|Any CPU
		{F705B499-D0B5-408C-B1D1-D3F379D0FCD6}.Debug|Any CPU.Build.0 = Debug|Any CPU
		{F705B499-D0B5-408C-B1D1-D3F379D0FCD6}.Debug|ARM.ActiveCfg = Debug|ARM
		{F705B499-D0B5-408C-B1D1-D3F379D0FCD6}.Debug|ARM.Build.0 = Debug|ARM
		{F705B499-D0B5-408C-B1D1-D3F379D0FCD6}.Debug|ARM64.ActiveCfg = Debug|ARM64
		{F705B499-D0B5-408C-B1D1-D3F379D0FCD6}.Debug|ARM64.Build.0 = Debug|ARM64
		{F705B499-D0B5-408C-B1D1-D3F379D0FCD6}.Debug|x64.ActiveCfg = Debug|x64
		{F705B499-D0B5-408C-B1D1-D3F379D0FCD6}.Debug|x64.Build.0 = Debug|x64
		{F705B499-D0B5-408C-B1D1-D3F379D0FCD6}.Debug|x86.ActiveCfg = Debug|x86
		{F705B499-D0B5-408C-B1D1-D3F379D0FCD6}.Debug|x86.Build.0 = Debug|x86
		{F705B499-D0B5-408C-B1D1-D3F379D0FCD6}.Packages|Any CPU.ActiveCfg = Release|Any CPU
		{F705B499-D0B5-408C-B1D1-D3F379D0FCD6}.Packages|Any CPU.Build.0 = Release|Any CPU
		{F705B499-D0B5-408C-B1D1-D3F379D0FCD6}.Packages|ARM.ActiveCfg = Release|ARM
		{F705B499-D0B5-408C-B1D1-D3F379D0FCD6}.Packages|ARM.Build.0 = Release|ARM
		{F705B499-D0B5-408C-B1D1-D3F379D0FCD6}.Packages|ARM64.ActiveCfg = Release|ARM64
		{F705B499-D0B5-408C-B1D1-D3F379D0FCD6}.Packages|ARM64.Build.0 = Release|ARM64
		{F705B499-D0B5-408C-B1D1-D3F379D0FCD6}.Packages|x64.ActiveCfg = Release|x64
		{F705B499-D0B5-408C-B1D1-D3F379D0FCD6}.Packages|x64.Build.0 = Release|x64
		{F705B499-D0B5-408C-B1D1-D3F379D0FCD6}.Packages|x86.ActiveCfg = Release|x86
		{F705B499-D0B5-408C-B1D1-D3F379D0FCD6}.Packages|x86.Build.0 = Release|x86
		{F705B499-D0B5-408C-B1D1-D3F379D0FCD6}.Release|Any CPU.ActiveCfg = Release|Any CPU
		{F705B499-D0B5-408C-B1D1-D3F379D0FCD6}.Release|Any CPU.Build.0 = Release|Any CPU
		{F705B499-D0B5-408C-B1D1-D3F379D0FCD6}.Release|ARM.ActiveCfg = Release|ARM
		{F705B499-D0B5-408C-B1D1-D3F379D0FCD6}.Release|ARM.Build.0 = Release|ARM
		{F705B499-D0B5-408C-B1D1-D3F379D0FCD6}.Release|ARM64.ActiveCfg = Release|ARM64
		{F705B499-D0B5-408C-B1D1-D3F379D0FCD6}.Release|ARM64.Build.0 = Release|ARM64
		{F705B499-D0B5-408C-B1D1-D3F379D0FCD6}.Release|x64.ActiveCfg = Release|x64
		{F705B499-D0B5-408C-B1D1-D3F379D0FCD6}.Release|x64.Build.0 = Release|x64
		{F705B499-D0B5-408C-B1D1-D3F379D0FCD6}.Release|x86.ActiveCfg = Release|x86
		{F705B499-D0B5-408C-B1D1-D3F379D0FCD6}.Release|x86.Build.0 = Release|x86
		{47D87733-B357-4706-88BD-211FB7D8679D}.Debug|Any CPU.ActiveCfg = Debug|x86
		{47D87733-B357-4706-88BD-211FB7D8679D}.Debug|Any CPU.Build.0 = Debug|x86
		{47D87733-B357-4706-88BD-211FB7D8679D}.Debug|Any CPU.Deploy.0 = Debug|x86
		{47D87733-B357-4706-88BD-211FB7D8679D}.Debug|ARM.ActiveCfg = Debug|ARM
		{47D87733-B357-4706-88BD-211FB7D8679D}.Debug|ARM.Build.0 = Debug|ARM
		{47D87733-B357-4706-88BD-211FB7D8679D}.Debug|ARM.Deploy.0 = Debug|ARM
		{47D87733-B357-4706-88BD-211FB7D8679D}.Debug|ARM64.ActiveCfg = Debug|ARM64
		{47D87733-B357-4706-88BD-211FB7D8679D}.Debug|ARM64.Build.0 = Debug|ARM64
		{47D87733-B357-4706-88BD-211FB7D8679D}.Debug|ARM64.Deploy.0 = Debug|ARM64
		{47D87733-B357-4706-88BD-211FB7D8679D}.Debug|x64.ActiveCfg = Debug|x64
		{47D87733-B357-4706-88BD-211FB7D8679D}.Debug|x64.Build.0 = Debug|x64
		{47D87733-B357-4706-88BD-211FB7D8679D}.Debug|x64.Deploy.0 = Debug|x64
		{47D87733-B357-4706-88BD-211FB7D8679D}.Debug|x86.ActiveCfg = Debug|x86
		{47D87733-B357-4706-88BD-211FB7D8679D}.Debug|x86.Build.0 = Debug|x86
		{47D87733-B357-4706-88BD-211FB7D8679D}.Debug|x86.Deploy.0 = Debug|x86
		{47D87733-B357-4706-88BD-211FB7D8679D}.Packages|Any CPU.ActiveCfg = Release|x86
		{47D87733-B357-4706-88BD-211FB7D8679D}.Packages|ARM.ActiveCfg = Release|ARM
		{47D87733-B357-4706-88BD-211FB7D8679D}.Packages|ARM64.ActiveCfg = Release|ARM64
		{47D87733-B357-4706-88BD-211FB7D8679D}.Packages|x64.ActiveCfg = Release|x64
		{47D87733-B357-4706-88BD-211FB7D8679D}.Packages|x86.ActiveCfg = Release|x86
		{47D87733-B357-4706-88BD-211FB7D8679D}.Release|Any CPU.ActiveCfg = Release|x86
		{47D87733-B357-4706-88BD-211FB7D8679D}.Release|Any CPU.Build.0 = Release|x86
		{47D87733-B357-4706-88BD-211FB7D8679D}.Release|Any CPU.Deploy.0 = Release|x86
		{47D87733-B357-4706-88BD-211FB7D8679D}.Release|ARM.ActiveCfg = Release|ARM
		{47D87733-B357-4706-88BD-211FB7D8679D}.Release|ARM.Build.0 = Release|ARM
		{47D87733-B357-4706-88BD-211FB7D8679D}.Release|ARM.Deploy.0 = Release|ARM
		{47D87733-B357-4706-88BD-211FB7D8679D}.Release|ARM64.ActiveCfg = Release|ARM64
		{47D87733-B357-4706-88BD-211FB7D8679D}.Release|ARM64.Build.0 = Release|ARM64
		{47D87733-B357-4706-88BD-211FB7D8679D}.Release|ARM64.Deploy.0 = Release|ARM64
		{47D87733-B357-4706-88BD-211FB7D8679D}.Release|x64.ActiveCfg = Release|x64
		{47D87733-B357-4706-88BD-211FB7D8679D}.Release|x64.Build.0 = Release|x64
		{47D87733-B357-4706-88BD-211FB7D8679D}.Release|x64.Deploy.0 = Release|x64
		{47D87733-B357-4706-88BD-211FB7D8679D}.Release|x86.ActiveCfg = Release|x86
		{47D87733-B357-4706-88BD-211FB7D8679D}.Release|x86.Build.0 = Release|x86
		{47D87733-B357-4706-88BD-211FB7D8679D}.Release|x86.Deploy.0 = Release|x86
		{784A3C01-BD0B-4DB9-B1FF-2A16E2B03A65}.Debug|Any CPU.ActiveCfg = Debug|Any CPU
		{784A3C01-BD0B-4DB9-B1FF-2A16E2B03A65}.Debug|Any CPU.Build.0 = Debug|Any CPU
		{784A3C01-BD0B-4DB9-B1FF-2A16E2B03A65}.Debug|ARM.ActiveCfg = Debug|Any CPU
		{784A3C01-BD0B-4DB9-B1FF-2A16E2B03A65}.Debug|ARM.Build.0 = Debug|Any CPU
		{784A3C01-BD0B-4DB9-B1FF-2A16E2B03A65}.Debug|ARM64.ActiveCfg = Debug|Any CPU
		{784A3C01-BD0B-4DB9-B1FF-2A16E2B03A65}.Debug|ARM64.Build.0 = Debug|Any CPU
		{784A3C01-BD0B-4DB9-B1FF-2A16E2B03A65}.Debug|x64.ActiveCfg = Debug|Any CPU
		{784A3C01-BD0B-4DB9-B1FF-2A16E2B03A65}.Debug|x64.Build.0 = Debug|Any CPU
		{784A3C01-BD0B-4DB9-B1FF-2A16E2B03A65}.Debug|x86.ActiveCfg = Debug|Any CPU
		{784A3C01-BD0B-4DB9-B1FF-2A16E2B03A65}.Debug|x86.Build.0 = Debug|Any CPU
		{784A3C01-BD0B-4DB9-B1FF-2A16E2B03A65}.Packages|Any CPU.ActiveCfg = Debug|Any CPU
		{784A3C01-BD0B-4DB9-B1FF-2A16E2B03A65}.Packages|Any CPU.Build.0 = Debug|Any CPU
		{784A3C01-BD0B-4DB9-B1FF-2A16E2B03A65}.Packages|ARM.ActiveCfg = Debug|Any CPU
		{784A3C01-BD0B-4DB9-B1FF-2A16E2B03A65}.Packages|ARM.Build.0 = Debug|Any CPU
		{784A3C01-BD0B-4DB9-B1FF-2A16E2B03A65}.Packages|ARM64.ActiveCfg = Debug|Any CPU
		{784A3C01-BD0B-4DB9-B1FF-2A16E2B03A65}.Packages|ARM64.Build.0 = Debug|Any CPU
		{784A3C01-BD0B-4DB9-B1FF-2A16E2B03A65}.Packages|x64.ActiveCfg = Debug|Any CPU
		{784A3C01-BD0B-4DB9-B1FF-2A16E2B03A65}.Packages|x64.Build.0 = Debug|Any CPU
		{784A3C01-BD0B-4DB9-B1FF-2A16E2B03A65}.Packages|x86.ActiveCfg = Debug|Any CPU
		{784A3C01-BD0B-4DB9-B1FF-2A16E2B03A65}.Packages|x86.Build.0 = Debug|Any CPU
		{784A3C01-BD0B-4DB9-B1FF-2A16E2B03A65}.Release|Any CPU.ActiveCfg = Release|Any CPU
		{784A3C01-BD0B-4DB9-B1FF-2A16E2B03A65}.Release|Any CPU.Build.0 = Release|Any CPU
		{784A3C01-BD0B-4DB9-B1FF-2A16E2B03A65}.Release|ARM.ActiveCfg = Release|Any CPU
		{784A3C01-BD0B-4DB9-B1FF-2A16E2B03A65}.Release|ARM.Build.0 = Release|Any CPU
		{784A3C01-BD0B-4DB9-B1FF-2A16E2B03A65}.Release|ARM64.ActiveCfg = Release|Any CPU
		{784A3C01-BD0B-4DB9-B1FF-2A16E2B03A65}.Release|ARM64.Build.0 = Release|Any CPU
		{784A3C01-BD0B-4DB9-B1FF-2A16E2B03A65}.Release|x64.ActiveCfg = Release|Any CPU
		{784A3C01-BD0B-4DB9-B1FF-2A16E2B03A65}.Release|x64.Build.0 = Release|Any CPU
		{784A3C01-BD0B-4DB9-B1FF-2A16E2B03A65}.Release|x86.ActiveCfg = Release|Any CPU
		{784A3C01-BD0B-4DB9-B1FF-2A16E2B03A65}.Release|x86.Build.0 = Release|Any CPU
	EndGlobalSection
	GlobalSection(SolutionProperties) = preSolution
		HideSolutionNode = FALSE
	EndGlobalSection
	GlobalSection(ExtensibilityGlobals) = postSolution
		SolutionGuid = {BB3C9207-5887-4BFC-8FBE-FD4576189591}
	EndGlobalSection
EndGlobal
